
Microsoft Visual Studio Solution File, Format Version 12.00
# Visual Studio Version 17
VisualStudioVersion = 17.4.33213.308
MinimumVisualStudioVersion = 10.0.40219.1
Project("{9A19103F-16F7-4668-BE54-9A1E7A4F7556}") = "AleCGN.Security.Cryptography", "AleCGN.Security.Cryptography\AleCGN.Security.Cryptography.csproj", "{DAF1FE27-D03F-4EA2-ABF5-B9329A11C220}"
EndProject
Global
	GlobalSection(SolutionConfigurationPlatforms) = preSolution
		Debug|Any CPU = Debug|Any CPU
		Release|Any CPU = Release|Any CPU
	EndGlobalSection
	GlobalSection(ProjectConfigurationPlatforms) = postSolution
		{DAF1FE27-D03F-4EA2-ABF5-B9329A11C220}.Debug|Any CPU.ActiveCfg = Debug|Any CPU
		{DAF1FE27-D03F-4EA2-ABF5-B9329A11C220}.Debug|Any CPU.Build.0 = Debug|Any CPU
		{DAF1FE27-D03F-4EA2-ABF5-B9329A11C220}.Release|Any CPU.ActiveCfg = Release|Any CPU
		{DAF1FE27-D03F-4EA2-ABF5-B9329A11C220}.Release|Any CPU.Build.0 = Release|Any CPU
	EndGlobalSection
	GlobalSection(SolutionProperties) = preSolution
		HideSolutionNode = FALSE
	EndGlobalSection
	GlobalSection(ExtensibilityGlobals) = postSolution
		SolutionGuid = {22A79050-0013-4149-A85C-0501AD952183}
	EndGlobalSection
EndGlobal
